
Microsoft Visual Studio Solution File, Format Version 12.00
# Visual Studio 15
VisualStudioVersion = 15.0.26730.12
MinimumVisualStudioVersion = 10.0.40219.1
Project("{FAE04EC0-301F-11D3-BF4B-00C04F79EFBC}") = "algLab2", "algLab2\algLab2.csproj", "{906828FB-FCCE-4CB0-B852-183688EF1BF4}"
EndProject
Global
	GlobalSection(SolutionConfigurationPlatforms) = preSolution
		Debug|Any CPU = Debug|Any CPU
		Release|Any CPU = Release|Any CPU
	EndGlobalSection
	GlobalSection(ProjectConfigurationPlatforms) = postSolution
		{906828FB-FCCE-4CB0-B852-183688EF1BF4}.Debug|Any CPU.ActiveCfg = Debug|Any CPU
		{906828FB-FCCE-4CB0-B852-183688EF1BF4}.Debug|Any CPU.Build.0 = Debug|Any CPU
		{906828FB-FCCE-4CB0-B852-183688EF1BF4}.Release|Any CPU.ActiveCfg = Release|Any CPU
		{906828FB-FCCE-4CB0-B852-183688EF1BF4}.Release|Any CPU.Build.0 = Release|Any CPU
	EndGlobalSection
	GlobalSection(SolutionProperties) = preSolution
		HideSolutionNode = FALSE
	EndGlobalSection
	GlobalSection(ExtensibilityGlobals) = postSolution
		SolutionGuid = {6209F519-D204-40AB-BDEC-6731B7DDA0D6}
	EndGlobalSection
EndGlobal
